
Microsoft Visual Studio Solution File, Format Version 12.00
# Visual Studio 15
VisualStudioVersion = 15.0.27004.2009
MinimumVisualStudioVersion = 10.0.40219.1
Project("{FAE04EC0-301F-11D3-BF4B-00C04F79EFBC}") = "Xamarin_Map.Android", "Xamarin Map\Xamarin_Map.Android\Xamarin_Map.Android.csproj", "{F616CC78-1714-48A0-954E-839C9986F60F}"
EndProject
Project("{FAE04EC0-301F-11D3-BF4B-00C04F79EFBC}") = "Xamarin_Map", "Xamarin Map\Xamarin_Map\Xamarin_Map.csproj", "{CADAA05F-CEEE-4015-A13D-EDDE1AEDF5FA}"
EndProject
Project("{FAE04EC0-301F-11D3-BF4B-00C04F79EFBC}") = "Xamarin_Map.UWP", "Xamarin Map\Xamarin_Map.UWP\Xamarin_Map.UWP.csproj", "{6EDBE14D-9F98-4528-A682-7ED7E73E322C}"
EndProject
Project("{FAE04EC0-301F-11D3-BF4B-00C04F79EFBC}") = "Xamarin_Map.iOS", "Xamarin Map\Xamarin_Map.iOS\Xamarin_Map.iOS.csproj", "{76E521B7-9DEE-4D5E-B17C-C3F807E0C847}"
EndProject
Global
	GlobalSection(SolutionConfigurationPlatforms) = preSolution
		Ad-Hoc|Any CPU = Ad-Hoc|Any CPU
		Ad-Hoc|ARM = Ad-Hoc|ARM
		Ad-Hoc|iPhone = Ad-Hoc|iPhone
		Ad-Hoc|iPhoneSimulator = Ad-Hoc|iPhoneSimulator
		Ad-Hoc|x64 = Ad-Hoc|x64
		Ad-Hoc|x86 = Ad-Hoc|x86
		AppStore|Any CPU = AppStore|Any CPU
		AppStore|ARM = AppStore|ARM
		AppStore|iPhone = AppStore|iPhone
		AppStore|iPhoneSimulator = AppStore|iPhoneSimulator
		AppStore|x64 = AppStore|x64
		AppStore|x86 = AppStore|x86
		Debug|Any CPU = Debug|Any CPU
		Debug|ARM = Debug|ARM
		Debug|iPhone = Debug|iPhone
		Debug|iPhoneSimulator = Debug|iPhoneSimulator
		Debug|x64 = Debug|x64
		Debug|x86 = Debug|x86
		Release|Any CPU = Release|Any CPU
		Release|ARM = Release|ARM
		Release|iPhone = Release|iPhone
		Release|iPhoneSimulator = Release|iPhoneSimulator
		Release|x64 = Release|x64
		Release|x86 = Release|x86
	EndGlobalSection
	GlobalSection(ProjectConfigurationPlatforms) = postSolution
		{F616CC78-1714-48A0-954E-839C9986F60F}.Ad-Hoc|Any CPU.ActiveCfg = Release|Any CPU
		{F616CC78-1714-48A0-954E-839C9986F60F}.Ad-Hoc|Any CPU.Build.0 = Release|Any CPU
		{F616CC78-1714-48A0-954E-839C9986F60F}.Ad-Hoc|Any CPU.Deploy.0 = Release|Any CPU
		{F616CC78-1714-48A0-954E-839C9986F60F}.Ad-Hoc|ARM.ActiveCfg = Release|Any CPU
		{F616CC78-1714-48A0-954E-839C9986F60F}.Ad-Hoc|ARM.Build.0 = Release|Any CPU
		{F616CC78-1714-48A0-954E-839C9986F60F}.Ad-Hoc|ARM.Deploy.0 = Release|Any CPU
		{F616CC78-1714-48A0-954E-839C9986F60F}.Ad-Hoc|iPhone.ActiveCfg = Release|Any CPU
		{F616CC78-1714-48A0-954E-839C9986F60F}.Ad-Hoc|iPhone.Build.0 = Release|Any CPU
		{F616CC78-1714-48A0-954E-839C9986F60F}.Ad-Hoc|iPhone.Deploy.0 = Release|Any CPU
		{F616CC78-1714-48A0-954E-839C9986F60F}.Ad-Hoc|iPhoneSimulator.ActiveCfg = Release|Any CPU
		{F616CC78-1714-48A0-954E-839C9986F60F}.Ad-Hoc|iPhoneSimulator.Build.0 = Release|Any CPU
		{F616CC78-1714-48A0-954E-839C9986F60F}.Ad-Hoc|iPhoneSimulator.Deploy.0 = Release|Any CPU
		{F616CC78-1714-48A0-954E-839C9986F60F}.Ad-Hoc|x64.ActiveCfg = Release|Any CPU
		{F616CC78-1714-48A0-954E-839C9986F60F}.Ad-Hoc|x64.Build.0 = Release|Any CPU
		{F616CC78-1714-48A0-954E-839C9986F60F}.Ad-Hoc|x64.Deploy.0 = Release|Any CPU
		{F616CC78-1714-48A0-954E-839C9986F60F}.Ad-Hoc|x86.ActiveCfg = Release|Any CPU
		{F616CC78-1714-48A0-954E-839C9986F60F}.Ad-Hoc|x86.Build.0 = Release|Any CPU
		{F616CC78-1714-48A0-954E-839C9986F60F}.Ad-Hoc|x86.Deploy.0 = Release|Any CPU
		{F616CC78-1714-48A0-954E-839C9986F60F}.AppStore|Any CPU.ActiveCfg = Release|Any CPU
		{F616CC78-1714-48A0-954E-839C9986F60F}.AppStore|Any CPU.Build.0 = Release|Any CPU
		{F616CC78-1714-48A0-954E-839C9986F60F}.AppStore|Any CPU.Deploy.0 = Release|Any CPU
		{F616CC78-1714-48A0-954E-839C9986F60F}.AppStore|ARM.ActiveCfg = Release|Any CPU
		{F616CC78-1714-48A0-954E-839C9986F60F}.AppStore|ARM.Build.0 = Release|Any CPU
		{F616CC78-1714-48A0-954E-839C9986F60F}.AppStore|ARM.Deploy.0 = Release|Any CPU
		{F616CC78-1714-48A0-954E-839C9986F60F}.AppStore|iPhone.ActiveCfg = Release|Any CPU
		{F616CC78-1714-48A0-954E-839C9986F60F}.AppStore|iPhone.Build.0 = Release|Any CPU
		{F616CC78-1714-48A0-954E-839C9986F60F}.AppStore|iPhone.Deploy.0 = Release|Any CPU
		{F616CC78-1714-48A0-954E-839C9986F60F}.AppStore|iPhoneSimulator.ActiveCfg = Release|Any CPU
		{F616CC78-1714-48A0-954E-839C9986F60F}.AppStore|iPhoneSimulator.Build.0 = Release|Any CPU
		{F616CC78-1714-48A0-954E-839C9986F60F}.AppStore|iPhoneSimulator.Deploy.0 = Release|Any CPU
		{F616CC78-1714-48A0-954E-839C9986F60F}.AppStore|x64.ActiveCfg = Release|Any CPU
		{F616CC78-1714-48A0-954E-839C9986F60F}.AppStore|x64.Build.0 = Release|Any CPU
		{F616CC78-1714-48A0-954E-839C9986F60F}.AppStore|x64.Deploy.0 = Release|Any CPU
		{F616CC78-1714-48A0-954E-839C9986F60F}.AppStore|x86.ActiveCfg = Release|Any CPU
		{F616CC78-1714-48A0-954E-839C9986F60F}.AppStore|x86.Build.0 = Release|Any CPU
		{F616CC78-1714-48A0-954E-839C9986F60F}.AppStore|x86.Deploy.0 = Release|Any CPU
		{F616CC78-1714-48A0-954E-839C9986F60F}.Debug|Any CPU.ActiveCfg = Debug|Any CPU
		{F616CC78-1714-48A0-954E-839C9986F60F}.Debug|Any CPU.Build.0 = Debug|Any CPU
		{F616CC78-1714-48A0-954E-839C9986F60F}.Debug|Any CPU.Deploy.0 = Debug|Any CPU
		{F616CC78-1714-48A0-954E-839C9986F60F}.Debug|ARM.ActiveCfg = Debug|Any CPU
		{F616CC78-1714-48A0-954E-839C9986F60F}.Debug|ARM.Build.0 = Debug|Any CPU
		{F616CC78-1714-48A0-954E-839C9986F60F}.Debug|ARM.Deploy.0 = Debug|Any CPU
		{F616CC78-1714-48A0-954E-839C9986F60F}.Debug|iPhone.ActiveCfg = Debug|Any CPU
		{F616CC78-1714-48A0-954E-839C9986F60F}.Debug|iPhone.Build.0 = Debug|Any CPU
		{F616CC78-1714-48A0-954E-839C9986F60F}.Debug|iPhone.Deploy.0 = Debug|Any CPU
		{F616CC78-1714-48A0-954E-839C9986F60F}.Debug|iPhoneSimulator.ActiveCfg = Debug|Any CPU
		{F616CC78-1714-48A0-954E-839C9986F60F}.Debug|iPhoneSimulator.Build.0 = Debug|Any CPU
		{F616CC78-1714-48A0-954E-839C9986F60F}.Debug|iPhoneSimulator.Deploy.0 = Debug|Any CPU
		{F616CC78-1714-48A0-954E-839C9986F60F}.Debug|x64.ActiveCfg = Debug|Any CPU
		{F616CC78-1714-48A0-954E-839C9986F60F}.Debug|x64.Build.0 = Debug|Any CPU
		{F616CC78-1714-48A0-954E-839C9986F60F}.Debug|x64.Deploy.0 = Debug|Any CPU
		{F616CC78-1714-48A0-954E-839C9986F60F}.Debug|x86.ActiveCfg = Debug|Any CPU
		{F616CC78-1714-48A0-954E-839C9986F60F}.Debug|x86.Build.0 = Debug|Any CPU
		{F616CC78-1714-48A0-954E-839C9986F60F}.Debug|x86.Deploy.0 = Debug|Any CPU
		{F616CC78-1714-48A0-954E-839C9986F60F}.Release|Any CPU.ActiveCfg = Release|Any CPU
		{F616CC78-1714-48A0-954E-839C9986F60F}.Release|Any CPU.Build.0 = Release|Any CPU
		{F616CC78-1714-48A0-954E-839C9986F60F}.Release|Any CPU.Deploy.0 = Release|Any CPU
		{F616CC78-1714-48A0-954E-839C9986F60F}.Release|ARM.ActiveCfg = Release|Any CPU
		{F616CC78-1714-48A0-954E-839C9986F60F}.Release|ARM.Build.0 = Release|Any CPU
		{F616CC78-1714-48A0-954E-839C9986F60F}.Release|ARM.Deploy.0 = Release|Any CPU
		{F616CC78-1714-48A0-954E-839C9986F60F}.Release|iPhone.ActiveCfg = Release|Any CPU
		{F616CC78-1714-48A0-954E-839C9986F60F}.Release|iPhone.Build.0 = Release|Any CPU
		{F616CC78-1714-48A0-954E-839C9986F60F}.Release|iPhone.Deploy.0 = Release|Any CPU
		{F616CC78-1714-48A0-954E-839C9986F60F}.Release|iPhoneSimulator.ActiveCfg = Release|Any CPU
		{F616CC78-1714-48A0-954E-839C9986F60F}.Release|iPhoneSimulator.Build.0 = Release|Any CPU
		{F616CC78-1714-48A0-954E-839C9986F60F}.Release|iPhoneSimulator.Deploy.0 = Release|Any CPU
		{F616CC78-1714-48A0-954E-839C9986F60F}.Release|x64.ActiveCfg = Release|Any CPU
		{F616CC78-1714-48A0-954E-839C9986F60F}.Release|x64.Build.0 = Release|Any CPU
		{F616CC78-1714-48A0-954E-839C9986F60F}.Release|x64.Deploy.0 = Release|Any CPU
		{F616CC78-1714-48A0-954E-839C9986F60F}.Release|x86.ActiveCfg = Release|Any CPU
		{F616CC78-1714-48A0-954E-839C9986F60F}.Release|x86.Build.0 = Release|Any CPU
		{F616CC78-1714-48A0-954E-839C9986F60F}.Release|x86.Deploy.0 = Release|Any CPU
		{CADAA05F-CEEE-4015-A13D-EDDE1AEDF5FA}.Ad-Hoc|Any CPU.ActiveCfg = Release|Any CPU
		{CADAA05F-CEEE-4015-A13D-EDDE1AEDF5FA}.Ad-Hoc|Any CPU.Build.0 = Release|Any CPU
		{CADAA05F-CEEE-4015-A13D-EDDE1AEDF5FA}.Ad-Hoc|ARM.ActiveCfg = Release|Any CPU
		{CADAA05F-CEEE-4015-A13D-EDDE1AEDF5FA}.Ad-Hoc|ARM.Build.0 = Release|Any CPU
		{CADAA05F-CEEE-4015-A13D-EDDE1AEDF5FA}.Ad-Hoc|iPhone.ActiveCfg = Release|Any CPU
		{CADAA05F-CEEE-4015-A13D-EDDE1AEDF5FA}.Ad-Hoc|iPhone.Build.0 = Release|Any CPU
		{CADAA05F-CEEE-4015-A13D-EDDE1AEDF5FA}.Ad-Hoc|iPhoneSimulator.ActiveCfg = Release|Any CPU
		{CADAA05F-CEEE-4015-A13D-EDDE1AEDF5FA}.Ad-Hoc|iPhoneSimulator.Build.0 = Release|Any CPU
		{CADAA05F-CEEE-4015-A13D-EDDE1AEDF5FA}.Ad-Hoc|x64.ActiveCfg = Release|Any CPU
		{CADAA05F-CEEE-4015-A13D-EDDE1AEDF5FA}.Ad-Hoc|x64.Build.0 = Release|Any CPU
		{CADAA05F-CEEE-4015-A13D-EDDE1AEDF5FA}.Ad-Hoc|x86.ActiveCfg = Release|Any CPU
		{CADAA05F-CEEE-4015-A13D-EDDE1AEDF5FA}.Ad-Hoc|x86.Build.0 = Release|Any CPU
		{CADAA05F-CEEE-4015-A13D-EDDE1AEDF5FA}.AppStore|Any CPU.ActiveCfg = Release|Any CPU
		{CADAA05F-CEEE-4015-A13D-EDDE1AEDF5FA}.AppStore|Any CPU.Build.0 = Release|Any CPU
		{CADAA05F-CEEE-4015-A13D-EDDE1AEDF5FA}.AppStore|ARM.ActiveCfg = Release|Any CPU
		{CADAA05F-CEEE-4015-A13D-EDDE1AEDF5FA}.AppStore|ARM.Build.0 = Release|Any CPU
		{CADAA05F-CEEE-4015-A13D-EDDE1AEDF5FA}.AppStore|iPhone.ActiveCfg = Release|Any CPU
		{CADAA05F-CEEE-4015-A13D-EDDE1AEDF5FA}.AppStore|iPhone.Build.0 = Release|Any CPU
		{CADAA05F-CEEE-4015-A13D-EDDE1AEDF5FA}.AppStore|iPhoneSimulator.ActiveCfg = Release|Any CPU
		{CADAA05F-CEEE-4015-A13D-EDDE1AEDF5FA}.AppStore|iPhoneSimulator.Build.0 = Release|Any CPU
		{CADAA05F-CEEE-4015-A13D-EDDE1AEDF5FA}.AppStore|x64.ActiveCfg = Release|Any CPU
		{CADAA05F-CEEE-4015-A13D-EDDE1AEDF5FA}.AppStore|x64.Build.0 = Release|Any CPU
		{CADAA05F-CEEE-4015-A13D-EDDE1AEDF5FA}.AppStore|x86.ActiveCfg = Release|Any CPU
		{CADAA05F-CEEE-4015-A13D-EDDE1AEDF5FA}.AppStore|x86.Build.0 = Release|Any CPU
		{CADAA05F-CEEE-4015-A13D-EDDE1AEDF5FA}.Debug|Any CPU.ActiveCfg = Debug|Any CPU
		{CADAA05F-CEEE-4015-A13D-EDDE1AEDF5FA}.Debug|Any CPU.Build.0 = Debug|Any CPU
		{CADAA05F-CEEE-4015-A13D-EDDE1AEDF5FA}.Debug|ARM.ActiveCfg = Debug|Any CPU
		{CADAA05F-CEEE-4015-A13D-EDDE1AEDF5FA}.Debug|ARM.Build.0 = Debug|Any CPU
		{CADAA05F-CEEE-4015-A13D-EDDE1AEDF5FA}.Debug|iPhone.ActiveCfg = Debug|Any CPU
		{CADAA05F-CEEE-4015-A13D-EDDE1AEDF5FA}.Debug|iPhone.Build.0 = Debug|Any CPU
		{CADAA05F-CEEE-4015-A13D-EDDE1AEDF5FA}.Debug|iPhoneSimulator.ActiveCfg = Debug|Any CPU
		{CADAA05F-CEEE-4015-A13D-EDDE1AEDF5FA}.Debug|iPhoneSimulator.Build.0 = Debug|Any CPU
		{CADAA05F-CEEE-4015-A13D-EDDE1AEDF5FA}.Debug|x64.ActiveCfg = Debug|Any CPU
		{CADAA05F-CEEE-4015-A13D-EDDE1AEDF5FA}.Debug|x64.Build.0 = Debug|Any CPU
		{CADAA05F-CEEE-4015-A13D-EDDE1AEDF5FA}.Debug|x86.ActiveCfg = Debug|Any CPU
		{CADAA05F-CEEE-4015-A13D-EDDE1AEDF5FA}.Debug|x86.Build.0 = Debug|Any CPU
		{CADAA05F-CEEE-4015-A13D-EDDE1AEDF5FA}.Release|Any CPU.ActiveCfg = Release|Any CPU
		{CADAA05F-CEEE-4015-A13D-EDDE1AEDF5FA}.Release|Any CPU.Build.0 = Release|Any CPU
		{CADAA05F-CEEE-4015-A13D-EDDE1AEDF5FA}.Release|ARM.ActiveCfg = Release|Any CPU
		{CADAA05F-CEEE-4015-A13D-EDDE1AEDF5FA}.Release|ARM.Build.0 = Release|Any CPU
		{CADAA05F-CEEE-4015-A13D-EDDE1AEDF5FA}.Release|iPhone.ActiveCfg = Release|Any CPU
		{CADAA05F-CEEE-4015-A13D-EDDE1AEDF5FA}.Release|iPhone.Build.0 = Release|Any CPU
		{CADAA05F-CEEE-4015-A13D-EDDE1AEDF5FA}.Release|iPhoneSimulator.ActiveCfg = Release|Any CPU
		{CADAA05F-CEEE-4015-A13D-EDDE1AEDF5FA}.Release|iPhoneSimulator.Build.0 = Release|Any CPU
		{CADAA05F-CEEE-4015-A13D-EDDE1AEDF5FA}.Release|x64.ActiveCfg = Release|Any CPU
		{CADAA05F-CEEE-4015-A13D-EDDE1AEDF5FA}.Release|x64.Build.0 = Release|Any CPU
		{CADAA05F-CEEE-4015-A13D-EDDE1AEDF5FA}.Release|x86.ActiveCfg = Release|Any CPU
		{CADAA05F-CEEE-4015-A13D-EDDE1AEDF5FA}.Release|x86.Build.0 = Release|Any CPU
		{6EDBE14D-9F98-4528-A682-7ED7E73E322C}.Ad-Hoc|Any CPU.ActiveCfg = Release|x86
		{6EDBE14D-9F98-4528-A682-7ED7E73E322C}.Ad-Hoc|Any CPU.Build.0 = Release|x86
		{6EDBE14D-9F98-4528-A682-7ED7E73E322C}.Ad-Hoc|Any CPU.Deploy.0 = Release|x86
		{6EDBE14D-9F98-4528-A682-7ED7E73E322C}.Ad-Hoc|ARM.ActiveCfg = Release|ARM
		{6EDBE14D-9F98-4528-A682-7ED7E73E322C}.Ad-Hoc|ARM.Build.0 = Release|ARM
		{6EDBE14D-9F98-4528-A682-7ED7E73E322C}.Ad-Hoc|ARM.Deploy.0 = Release|ARM
		{6EDBE14D-9F98-4528-A682-7ED7E73E322C}.Ad-Hoc|iPhone.ActiveCfg = Release|x86
		{6EDBE14D-9F98-4528-A682-7ED7E73E322C}.Ad-Hoc|iPhone.Build.0 = Release|x86
		{6EDBE14D-9F98-4528-A682-7ED7E73E322C}.Ad-Hoc|iPhone.Deploy.0 = Release|x86
		{6EDBE14D-9F98-4528-A682-7ED7E73E322C}.Ad-Hoc|iPhoneSimulator.ActiveCfg = Release|x86
		{6EDBE14D-9F98-4528-A682-7ED7E73E322C}.Ad-Hoc|iPhoneSimulator.Build.0 = Release|x86
		{6EDBE14D-9F98-4528-A682-7ED7E73E322C}.Ad-Hoc|iPhoneSimulator.Deploy.0 = Release|x86
		{6EDBE14D-9F98-4528-A682-7ED7E73E322C}.Ad-Hoc|x64.ActiveCfg = Release|x64
		{6EDBE14D-9F98-4528-A682-7ED7E73E322C}.Ad-Hoc|x64.Build.0 = Release|x64
		{6EDBE14D-9F98-4528-A682-7ED7E73E322C}.Ad-Hoc|x64.Deploy.0 = Release|x64
		{6EDBE14D-9F98-4528-A682-7ED7E73E322C}.Ad-Hoc|x86.ActiveCfg = Release|x86
		{6EDBE14D-9F98-4528-A682-7ED7E73E322C}.Ad-Hoc|x86.Build.0 = Release|x86
		{6EDBE14D-9F98-4528-A682-7ED7E73E322C}.Ad-Hoc|x86.Deploy.0 = Release|x86
		{6EDBE14D-9F98-4528-A682-7ED7E73E322C}.AppStore|Any CPU.ActiveCfg = Release|x86
		{6EDBE14D-9F98-4528-A682-7ED7E73E322C}.AppStore|Any CPU.Build.0 = Release|x86
		{6EDBE14D-9F98-4528-A682-7ED7E73E322C}.AppStore|Any CPU.Deploy.0 = Release|x86
		{6EDBE14D-9F98-4528-A682-7ED7E73E322C}.AppStore|ARM.ActiveCfg = Release|ARM
		{6EDBE14D-9F98-4528-A682-7ED7E73E322C}.AppStore|ARM.Build.0 = Release|ARM
		{6EDBE14D-9F98-4528-A682-7ED7E73E322C}.AppStore|ARM.Deploy.0 = Release|ARM
		{6EDBE14D-9F98-4528-A682-7ED7E73E322C}.AppStore|iPhone.ActiveCfg = Release|x86
		{6EDBE14D-9F98-4528-A682-7ED7E73E322C}.AppStore|iPhone.Build.0 = Release|x86
		{6EDBE14D-9F98-4528-A682-7ED7E73E322C}.AppStore|iPhone.Deploy.0 = Release|x86
		{6EDBE14D-9F98-4528-A682-7ED7E73E322C}.AppStore|iPhoneSimulator.ActiveCfg = Release|x86
		{6EDBE14D-9F98-4528-A682-7ED7E73E322C}.AppStore|iPhoneSimulator.Build.0 = Release|x86
		{6EDBE14D-9F98-4528-A682-7ED7E73E322C}.AppStore|iPhoneSimulator.Deploy.0 = Release|x86
		{6EDBE14D-9F98-4528-A682-7ED7E73E322C}.AppStore|x64.ActiveCfg = Release|x64
		{6EDBE14D-9F98-4528-A682-7ED7E73E322C}.AppStore|x64.Build.0 = Release|x64
		{6EDBE14D-9F98-4528-A682-7ED7E73E322C}.AppStore|x64.Deploy.0 = Release|x64
		{6EDBE14D-9F98-4528-A682-7ED7E73E322C}.AppStore|x86.ActiveCfg = Release|x86
		{6EDBE14D-9F98-4528-A682-7ED7E73E322C}.AppStore|x86.Build.0 = Release|x86
		{6EDBE14D-9F98-4528-A682-7ED7E73E322C}.AppStore|x86.Deploy.0 = Release|x86
		{6EDBE14D-9F98-4528-A682-7ED7E73E322C}.Debug|Any CPU.ActiveCfg = Debug|x86
		{6EDBE14D-9F98-4528-A682-7ED7E73E322C}.Debug|ARM.ActiveCfg = Debug|ARM
		{6EDBE14D-9F98-4528-A682-7ED7E73E322C}.Debug|ARM.Build.0 = Debug|ARM
		{6EDBE14D-9F98-4528-A682-7ED7E73E322C}.Debug|ARM.Deploy.0 = Debug|ARM
		{6EDBE14D-9F98-4528-A682-7ED7E73E322C}.Debug|iPhone.ActiveCfg = Debug|x86
		{6EDBE14D-9F98-4528-A682-7ED7E73E322C}.Debug|iPhoneSimulator.ActiveCfg = Debug|x86
		{6EDBE14D-9F98-4528-A682-7ED7E73E322C}.Debug|x64.ActiveCfg = Debug|x64
		{6EDBE14D-9F98-4528-A682-7ED7E73E322C}.Debug|x64.Build.0 = Debug|x64
		{6EDBE14D-9F98-4528-A682-7ED7E73E322C}.Debug|x64.Deploy.0 = Debug|x64
		{6EDBE14D-9F98-4528-A682-7ED7E73E322C}.Debug|x86.ActiveCfg = Debug|x86
		{6EDBE14D-9F98-4528-A682-7ED7E73E322C}.Debug|x86.Build.0 = Debug|x86
		{6EDBE14D-9F98-4528-A682-7ED7E73E322C}.Debug|x86.Deploy.0 = Debug|x86
		{6EDBE14D-9F98-4528-A682-7ED7E73E322C}.Release|Any CPU.ActiveCfg = Release|x86
		{6EDBE14D-9F98-4528-A682-7ED7E73E322C}.Release|ARM.ActiveCfg = Release|ARM
		{6EDBE14D-9F98-4528-A682-7ED7E73E322C}.Release|ARM.Build.0 = Release|ARM
		{6EDBE14D-9F98-4528-A682-7ED7E73E322C}.Release|ARM.Deploy.0 = Release|ARM
		{6EDBE14D-9F98-4528-A682-7ED7E73E322C}.Release|iPhone.ActiveCfg = Release|x86
		{6EDBE14D-9F98-4528-A682-7ED7E73E322C}.Release|iPhoneSimulator.ActiveCfg = Release|x86
		{6EDBE14D-9F98-4528-A682-7ED7E73E322C}.Release|x64.ActiveCfg = Release|x64
		{6EDBE14D-9F98-4528-A682-7ED7E73E322C}.Release|x64.Build.0 = Release|x64
		{6EDBE14D-9F98-4528-A682-7ED7E73E322C}.Release|x64.Deploy.0 = Release|x64
		{6EDBE14D-9F98-4528-A682-7ED7E73E322C}.Release|x86.ActiveCfg = Release|x86
		{6EDBE14D-9F98-4528-A682-7ED7E73E322C}.Release|x86.Build.0 = Release|x86
		{6EDBE14D-9F98-4528-A682-7ED7E73E322C}.Release|x86.Deploy.0 = Release|x86
		{76E521B7-9DEE-4D5E-B17C-C3F807E0C847}.Ad-Hoc|Any CPU.ActiveCfg = Ad-Hoc|iPhoneSimulator
		{76E521B7-9DEE-4D5E-B17C-C3F807E0C847}.Ad-Hoc|ARM.ActiveCfg = Ad-Hoc|iPhone
		{76E521B7-9DEE-4D5E-B17C-C3F807E0C847}.Ad-Hoc|iPhone.ActiveCfg = Ad-Hoc|iPhone
		{76E521B7-9DEE-4D5E-B17C-C3F807E0C847}.Ad-Hoc|iPhone.Build.0 = Ad-Hoc|iPhone
		{76E521B7-9DEE-4D5E-B17C-C3F807E0C847}.Ad-Hoc|iPhoneSimulator.ActiveCfg = Ad-Hoc|iPhoneSimulator
		{76E521B7-9DEE-4D5E-B17C-C3F807E0C847}.Ad-Hoc|iPhoneSimulator.Build.0 = Ad-Hoc|iPhoneSimulator
		{76E521B7-9DEE-4D5E-B17C-C3F807E0C847}.Ad-Hoc|x64.ActiveCfg = Ad-Hoc|iPhone
		{76E521B7-9DEE-4D5E-B17C-C3F807E0C847}.Ad-Hoc|x86.ActiveCfg = Ad-Hoc|iPhone
		{76E521B7-9DEE-4D5E-B17C-C3F807E0C847}.AppStore|Any CPU.ActiveCfg = AppStore|iPhoneSimulator
		{76E521B7-9DEE-4D5E-B17C-C3F807E0C847}.AppStore|ARM.ActiveCfg = AppStore|iPhone
		{76E521B7-9DEE-4D5E-B17C-C3F807E0C847}.AppStore|iPhone.ActiveCfg = AppStore|iPhone
		{76E521B7-9DEE-4D5E-B17C-C3F807E0C847}.AppStore|iPhone.Build.0 = AppStore|iPhone
		{76E521B7-9DEE-4D5E-B17C-C3F807E0C847}.AppStore|iPhoneSimulator.ActiveCfg = AppStore|iPhoneSimulator
		{76E521B7-9DEE-4D5E-B17C-C3F807E0C847}.AppStore|iPhoneSimulator.Build.0 = AppStore|iPhoneSimulator
		{76E521B7-9DEE-4D5E-B17C-C3F807E0C847}.AppStore|x64.ActiveCfg = AppStore|iPhone
		{76E521B7-9DEE-4D5E-B17C-C3F807E0C847}.AppStore|x86.ActiveCfg = AppStore|iPhone
		{76E521B7-9DEE-4D5E-B17C-C3F807E0C847}.Debug|Any CPU.ActiveCfg = Debug|iPhoneSimulator
		{76E521B7-9DEE-4D5E-B17C-C3F807E0C847}.Debug|ARM.ActiveCfg = Debug|iPhone
		{76E521B7-9DEE-4D5E-B17C-C3F807E0C847}.Debug|iPhone.ActiveCfg = Debug|iPhone
		{76E521B7-9DEE-4D5E-B17C-C3F807E0C847}.Debug|iPhone.Build.0 = Debug|iPhone
		{76E521B7-9DEE-4D5E-B17C-C3F807E0C847}.Debug|iPhoneSimulator.ActiveCfg = Debug|iPhoneSimulator
		{76E521B7-9DEE-4D5E-B17C-C3F807E0C847}.Debug|iPhoneSimulator.Build.0 = Debug|iPhoneSimulator
		{76E521B7-9DEE-4D5E-B17C-C3F807E0C847}.Debug|x64.ActiveCfg = Debug|iPhone
		{76E521B7-9DEE-4D5E-B17C-C3F807E0C847}.Debug|x86.ActiveCfg = Debug|iPhone
		{76E521B7-9DEE-4D5E-B17C-C3F807E0C847}.Release|Any CPU.ActiveCfg = Release|iPhoneSimulator
		{76E521B7-9DEE-4D5E-B17C-C3F807E0C847}.Release|ARM.ActiveCfg = Release|iPhone
		{76E521B7-9DEE-4D5E-B17C-C3F807E0C847}.Release|iPhone.ActiveCfg = Release|iPhone
		{76E521B7-9DEE-4D5E-B17C-C3F807E0C847}.Release|iPhone.Build.0 = Release|iPhone
		{76E521B7-9DEE-4D5E-B17C-C3F807E0C847}.Release|iPhoneSimulator.ActiveCfg = Release|iPhoneSimulator
		{76E521B7-9DEE-4D5E-B17C-C3F807E0C847}.Release|iPhoneSimulator.Build.0 = Release|iPhoneSimulator
		{76E521B7-9DEE-4D5E-B17C-C3F807E0C847}.Release|x64.ActiveCfg = Release|iPhone
		{76E521B7-9DEE-4D5E-B17C-C3F807E0C847}.Release|x86.ActiveCfg = Release|iPhone
	EndGlobalSection
	GlobalSection(SolutionProperties) = preSolution
		HideSolutionNode = FALSE
	EndGlobalSection
	GlobalSection(ExtensibilityGlobals) = postSolution
		SolutionGuid = {DAB9DC9F-4315-4729-BA48-306113496A94}
	EndGlobalSection
EndGlobal
